// !$*UTF8*$!
{
	archiveVersion = 1;
	classes = {
	};
	objectVersion = 56;
	objects = {

/* Begin PBXBuildFile section */
		2B3DB82E28DD6AAA00E2BFF2 /* QPerApp.swift in Sources */ = {isa = PBXBuildFile; fileRef = 2B3DB82D28DD6AAA00E2BFF2 /* QPerApp.swift */; };
		2B3DB83228DD6AAB00E2BFF2 /* Assets.xcassets in Resources */ = {isa = PBXBuildFile; fileRef = 2B3DB83128DD6AAB00E2BFF2 /* Assets.xcassets */; };
		2B3DB83528DD6AAB00E2BFF2 /* Preview Assets.xcassets in Resources */ = {isa = PBXBuildFile; fileRef = 2B3DB83428DD6AAB00E2BFF2 /* Preview Assets.xcassets */; };
		2B3DB83F28DD871000E2BFF2 /* PasswordListView.swift in Sources */ = {isa = PBXBuildFile; fileRef = 2B3DB83E28DD871000E2BFF2 /* PasswordListView.swift */; };
		2B3DB84228DD890100E2BFF2 /* CoreDataServices.swift in Sources */ = {isa = PBXBuildFile; fileRef = 2B3DB84128DD890100E2BFF2 /* CoreDataServices.swift */; };
		2B3DB84428DD892300E2BFF2 /* PasswordList.swift in Sources */ = {isa = PBXBuildFile; fileRef = 2B3DB84328DD892300E2BFF2 /* PasswordList.swift */; };
/* End PBXBuildFile section */

/* Begin PBXFileReference section */
		2B3DB82A28DD6AAA00E2BFF2 /* QPer.app */ = {isa = PBXFileReference; explicitFileType = wrapper.application; includeInIndex = 0; path = QPer.app; sourceTree = BUILT_PRODUCTS_DIR; };
		2B3DB82D28DD6AAA00E2BFF2 /* QPerApp.swift */ = {isa = PBXFileReference; lastKnownFileType = sourcecode.swift; path = QPerApp.swift; sourceTree = "<group>"; };
		2B3DB83128DD6AAB00E2BFF2 /* Assets.xcassets */ = {isa = PBXFileReference; lastKnownFileType = folder.assetcatalog; path = Assets.xcassets; sourceTree = "<group>"; };
		2B3DB83428DD6AAB00E2BFF2 /* Preview Assets.xcassets */ = {isa = PBXFileReference; lastKnownFileType = folder.assetcatalog; path = "Preview Assets.xcassets"; sourceTree = "<group>"; };
		2B3DB83E28DD871000E2BFF2 /* PasswordListView.swift */ = {isa = PBXFileReference; lastKnownFileType = sourcecode.swift; path = PasswordListView.swift; sourceTree = "<group>"; };
		2B3DB84128DD890100E2BFF2 /* CoreDataServices.swift */ = {isa = PBXFileReference; lastKnownFileType = sourcecode.swift; path = CoreDataServices.swift; sourceTree = "<group>"; };
		2B3DB84328DD892300E2BFF2 /* PasswordList.swift */ = {isa = PBXFileReference; lastKnownFileType = sourcecode.swift; path = PasswordList.swift; sourceTree = "<group>"; };
/* End PBXFileReference section */

/* Begin PBXFrameworksBuildPhase section */
		2B3DB82728DD6AAA00E2BFF2 /* Frameworks */ = {
			isa = PBXFrameworksBuildPhase;
			buildActionMask = 2147483647;
			files = (
			);
			runOnlyForDeploymentPostprocessing = 0;
		};
/* End PBXFrameworksBuildPhase section */

/* Begin PBXGroup section */
		2B3DB82128DD6AAA00E2BFF2 = {
			isa = PBXGroup;
			children = (
				2B3DB82C28DD6AAA00E2BFF2 /* QPer */,
				2B3DB82B28DD6AAA00E2BFF2 /* Products */,
			);
			sourceTree = "<group>";
		};
		2B3DB82B28DD6AAA00E2BFF2 /* Products */ = {
			isa = PBXGroup;
			children = (
				2B3DB82A28DD6AAA00E2BFF2 /* QPer.app */,
			);
			name = Products;
			sourceTree = "<group>";
		};
		2B3DB82C28DD6AAA00E2BFF2 /* QPer */ = {
			isa = PBXGroup;
			children = (
				2B3DB84028DD88E600E2BFF2 /* Services */,
				2B3DB83D28DD711100E2BFF2 /* Model */,
				2B3DB83B28DD711100E2BFF2 /* View */,
				2B3DB83C28DD711100E2BFF2 /* ViewModel */,
				2B3DB82D28DD6AAA00E2BFF2 /* QPerApp.swift */,
				2B3DB83128DD6AAB00E2BFF2 /* Assets.xcassets */,
				2B3DB83328DD6AAB00E2BFF2 /* Preview Content */,
			);
			path = QPer;
			sourceTree = "<group>";
		};
		2B3DB83328DD6AAB00E2BFF2 /* Preview Content */ = {
			isa = PBXGroup;
			children = (
				2B3DB83428DD6AAB00E2BFF2 /* Preview Assets.xcassets */,
			);
			path = "Preview Content";
			sourceTree = "<group>";
		};
		2B3DB83B28DD711100E2BFF2 /* View */ = {
			isa = PBXGroup;
			children = (
				2B3DB83E28DD871000E2BFF2 /* PasswordListView.swift */,
			);
			path = View;
			sourceTree = "<group>";
		};
		2B3DB83C28DD711100E2BFF2 /* ViewModel */ = {
			isa = PBXGroup;
			children = (
			);
			path = ViewModel;
			sourceTree = "<group>";
		};
		2B3DB83D28DD711100E2BFF2 /* Model */ = {
			isa = PBXGroup;
			children = (
				2B3DB84328DD892300E2BFF2 /* PasswordList.swift */,
			);
			path = Model;
			sourceTree = "<group>";
		};
		2B3DB84028DD88E600E2BFF2 /* Services */ = {
			isa = PBXGroup;
			children = (
				2B3DB84128DD890100E2BFF2 /* CoreDataServices.swift */,
			);
			path = Services;
			sourceTree = "<group>";
		};
/* End PBXGroup section */

/* Begin PBXNativeTarget section */
		2B3DB82928DD6AAA00E2BFF2 /* QPer */ = {
			isa = PBXNativeTarget;
			buildConfigurationList = 2B3DB83828DD6AAB00E2BFF2 /* Build configuration list for PBXNativeTarget "QPer" */;
			buildPhases = (
				2B3DB82628DD6AAA00E2BFF2 /* Sources */,
				2B3DB82728DD6AAA00E2BFF2 /* Frameworks */,
				2B3DB82828DD6AAA00E2BFF2 /* Resources */,
			);
			buildRules = (
			);
			dependencies = (
			);
			name = QPer;
			productName = QPer;
			productReference = 2B3DB82A28DD6AAA00E2BFF2 /* QPer.app */;
			productType = "com.apple.product-type.application";
		};
/* End PBXNativeTarget section */

/* Begin PBXProject section */
		2B3DB82228DD6AAA00E2BFF2 /* Project object */ = {
			isa = PBXProject;
			attributes = {
				BuildIndependentTargetsInParallel = 1;
				LastSwiftUpdateCheck = 1400;
				LastUpgradeCheck = 1400;
				TargetAttributes = {
					2B3DB82928DD6AAA00E2BFF2 = {
						CreatedOnToolsVersion = 14.0;
					};
				};
			};
			buildConfigurationList = 2B3DB82528DD6AAA00E2BFF2 /* Build configuration list for PBXProject "QPer" */;
			compatibilityVersion = "Xcode 14.0";
			developmentRegion = en;
			hasScannedForEncodings = 0;
			knownRegions = (
				en,
				Base,
			);
			mainGroup = 2B3DB82128DD6AAA00E2BFF2;
			productRefGroup = 2B3DB82B28DD6AAA00E2BFF2 /* Products */;
			projectDirPath = "";
			projectRoot = "";
			targets = (
				2B3DB82928DD6AAA00E2BFF2 /* QPer */,
			);
		};
/* End PBXProject section */

/* Begin PBXResourcesBuildPhase section */
		2B3DB82828DD6AAA00E2BFF2 /* Resources */ = {
			isa = PBXResourcesBuildPhase;
			buildActionMask = 2147483647;
			files = (
				2B3DB83528DD6AAB00E2BFF2 /* Preview Assets.xcassets in Resources */,
				2B3DB83228DD6AAB00E2BFF2 /* Assets.xcassets in Resources */,
			);
			runOnlyForDeploymentPostprocessing = 0;
		};
/* End PBXResourcesBuildPhase section */

/* Begin PBXSourcesBuildPhase section */
		2B3DB82628DD6AAA00E2BFF2 /* Sources */ = {
			isa = PBXSourcesBuildPhase;
			buildActionMask = 2147483647;
			files = (
				2B3DB84428DD892300E2BFF2 /* PasswordList.swift in Sources */,
				2B3DB84228DD890100E2BFF2 /* CoreDataServices.swift in Sources */,
				2B3DB83F28DD871000E2BFF2 /* PasswordListView.swift in Sources */,
				2B3DB82E28DD6AAA00E2BFF2 /* QPerApp.swift in Sources */,
			);
			runOnlyForDeploymentPostprocessing = 0;
		};
/* End PBXSourcesBuildPhase section */

/* Begin XCBuildConfiguration section */
		2B3DB83628DD6AAB00E2BFF2 /* Debug */ = {
			isa = XCBuildConfiguration;
			buildSettings = {
				ALWAYS_SEARCH_USER_PATHS = NO;
				CLANG_ANALYZER_NONNULL = YES;
				CLANG_ANALYZER_NUMBER_OBJECT_CONVERSION = YES_AGGRESSIVE;
				CLANG_CXX_LANGUAGE_STANDARD = "gnu++20";
				CLANG_ENABLE_MODULES = YES;
				CLANG_ENABLE_OBJC_ARC = YES;
				CLANG_ENABLE_OBJC_WEAK = YES;
				CLANG_WARN_BLOCK_CAPTURE_AUTORELEASING = YES;
				CLANG_WARN_BOOL_CONVERSION = YES;
				CLANG_WARN_COMMA = YES;
				CLANG_WARN_CONSTANT_CONVERSION = YES;
				CLANG_WARN_DEPRECATED_OBJC_IMPLEMENTATIONS = YES;
				CLANG_WARN_DIRECT_OBJC_ISA_USAGE = YES_ERROR;
				CLANG_WARN_DOCUMENTATION_COMMENTS = YES;
				CLANG_WARN_EMPTY_BODY = YES;
				CLANG_WARN_ENUM_CONVERSION = YES;
				CLANG_WARN_INFINITE_RECURSION = YES;
				CLANG_WARN_INT_CONVERSION = YES;
				CLANG_WARN_NON_LITERAL_NULL_CONVERSION = YES;
				CLANG_WARN_OBJC_IMPLICIT_RETAIN_SELF = YES;
				CLANG_WARN_OBJC_LITERAL_CONVERSION = YES;
				CLANG_WARN_OBJC_ROOT_CLASS = YES_ERROR;
				CLANG_WARN_QUOTED_INCLUDE_IN_FRAMEWORK_HEADER = YES;
				CLANG_WARN_RANGE_LOOP_ANALYSIS = YES;
				CLANG_WARN_STRICT_PROTOTYPES = YES;
				CLANG_WARN_SUSPICIOUS_MOVE = YES;
				CLANG_WARN_UNGUARDED_AVAILABILITY = YES_AGGRESSIVE;
				CLANG_WARN_UNREACHABLE_CODE = YES;
				CLANG_WARN__DUPLICATE_METHOD_MATCH = YES;
				COPY_PHASE_STRIP = NO;
				DEBUG_INFORMATION_FORMAT = dwarf;
				ENABLE_STRICT_OBJC_MSGSEND = YES;
				ENABLE_TESTABILITY = YES;
				GCC_C_LANGUAGE_STANDARD = gnu11;
				GCC_DYNAMIC_NO_PIC = NO;
				GCC_NO_COMMON_BLOCKS = YES;
				GCC_OPTIMIZATION_LEVEL = 0;
				GCC_PREPROCESSOR_DEFINITIONS = (
					"DEBUG=1",
					"$(inherited)",
				);
				GCC_WARN_64_TO_32_BIT_CONVERSION = YES;
				GCC_WARN_ABOUT_RETURN_TYPE = YES_ERROR;
				GCC_WARN_UNDECLARED_SELECTOR = YES;
				GCC_WARN_UNINITIALIZED_AUTOS = YES_AGGRESSIVE;
				GCC_WARN_UNUSED_FUNCTION = YES;
				GCC_WARN_UNUSED_VARIABLE = YES;
				IPHONEOS_DEPLOYMENT_TARGET = 16.0;
				MTL_ENABLE_DEBUG_INFO = INCLUDE_SOURCE;
				MTL_FAST_MATH = YES;
				ONLY_ACTIVE_ARCH = YES;
				SDKROOT = iphoneos;
				SWIFT_ACTIVE_COMPILATION_CONDITIONS = DEBUG;
				SWIFT_OPTIMIZATION_LEVEL = "-Onone";
			};
			name = Debug;
		};
		2B3DB83728DD6AAB00E2BFF2 /* Release */ = {
			isa = XCBuildConfiguration;
			buildSettings = {
				ALWAYS_SEARCH_USER_PATHS = NO;
				CLANG_ANALYZER_NONNULL = YES;
				CLANG_ANALYZER_NUMBER_OBJECT_CONVERSION = YES_AGGRESSIVE;
				CLANG_CXX_LANGUAGE_STANDARD = "gnu++20";
				CLANG_ENABLE_MODULES = YES;
				CLANG_ENABLE_OBJC_ARC = YES;
				CLANG_ENABLE_OBJC_WEAK = YES;
				CLANG_WARN_BLOCK_CAPTURE_AUTORELEASING = YES;
				CLANG_WARN_BOOL_CONVERSION = YES;
				CLANG_WARN_COMMA = YES;
				CLANG_WARN_CONSTANT_CONVERSION = YES;
				CLANG_WARN_DEPRECATED_OBJC_IMPLEMENTATIONS = YES;
				CLANG_WARN_DIRECT_OBJC_ISA_USAGE = YES_ERROR;
				CLANG_WARN_DOCUMENTATION_COMMENTS = YES;
				CLANG_WARN_EMPTY_BODY = YES;
				CLANG_WARN_ENUM_CONVERSION = YES;
				CLANG_WARN_INFINITE_RECURSION = YES;
				CLANG_WARN_INT_CONVERSION = YES;
				CLANG_WARN_NON_LITERAL_NULL_CONVERSION = YES;
				CLANG_WARN_OBJC_IMPLICIT_RETAIN_SELF = YES;
				CLANG_WARN_OBJC_LITERAL_CONVERSION = YES;
				CLANG_WARN_OBJC_ROOT_CLASS = YES_ERROR;
				CLANG_WARN_QUOTED_INCLUDE_IN_FRAMEWORK_HEADER = YES;
				CLANG_WARN_RANGE_LOOP_ANALYSIS = YES;
				CLANG_WARN_STRICT_PROTOTYPES = YES;
				CLANG_WARN_SUSPICIOUS_MOVE = YES;
				CLANG_WARN_UNGUARDED_AVAILABILITY = YES_AGGRESSIVE;
				CLANG_WARN_UNREACHABLE_CODE = YES;
				CLANG_WARN__DUPLICATE_METHOD_MATCH = YES;
				COPY_PHASE_STRIP = NO;
				DEBUG_INFORMATION_FORMAT = "dwarf-with-dsym";
				ENABLE_NS_ASSERTIONS = NO;
				ENABLE_STRICT_OBJC_MSGSEND = YES;
				GCC_C_LANGUAGE_STANDARD = gnu11;
				GCC_NO_COMMON_BLOCKS = YES;
				GCC_WARN_64_TO_32_BIT_CONVERSION = YES;
				GCC_WARN_ABOUT_RETURN_TYPE = YES_ERROR;
				GCC_WARN_UNDECLARED_SELECTOR = YES;
				GCC_WARN_UNINITIALIZED_AUTOS = YES_AGGRESSIVE;
				GCC_WARN_UNUSED_FUNCTION = YES;
				GCC_WARN_UNUSED_VARIABLE = YES;
				IPHONEOS_DEPLOYMENT_TARGET = 16.0;
				MTL_ENABLE_DEBUG_INFO = NO;
				MTL_FAST_MATH = YES;
				SDKROOT = iphoneos;
				SWIFT_COMPILATION_MODE = wholemodule;
				SWIFT_OPTIMIZATION_LEVEL = "-O";
				VALIDATE_PRODUCT = YES;
			};
			name = Release;
		};
		2B3DB83928DD6AAB00E2BFF2 /* Debug */ = {
			isa = XCBuildConfiguration;
			buildSettings = {
				ASSETCATALOG_COMPILER_APPICON_NAME = AppIcon;
				ASSETCATALOG_COMPILER_GLOBAL_ACCENT_COLOR_NAME = AccentColor;
				CODE_SIGN_STYLE = Automatic;
				CURRENT_PROJECT_VERSION = 1;
				DEVELOPMENT_ASSET_PATHS = "\"QPer/Preview Content\"";
				DEVELOPMENT_TEAM = NKVX3X5685;
				ENABLE_PREVIEWS = YES;
				GENERATE_INFOPLIST_FILE = YES;
				INFOPLIST_KEY_UIApplicationSceneManifest_Generation = YES;
				INFOPLIST_KEY_UIApplicationSupportsIndirectInputEvents = YES;
				INFOPLIST_KEY_UILaunchScreen_Generation = YES;
				INFOPLIST_KEY_UISupportedInterfaceOrientations_iPad = "UIInterfaceOrientationPortrait UIInterfaceOrientationPortraitUpsideDown UIInterfaceOrientationLandscapeLeft UIInterfaceOrientationLandscapeRight";
				INFOPLIST_KEY_UISupportedInterfaceOrientations_iPhone = "UIInterfaceOrientationPortrait UIInterfaceOrientationLandscapeLeft UIInterfaceOrientationLandscapeRight";
				LD_RUNPATH_SEARCH_PATHS = (
					"$(inherited)",
					"@executable_path/Frameworks",
				);
				MARKETING_VERSION = 1.0;
				PRODUCT_BUNDLE_IDENTIFIER = com.candra.QPer;
				PRODUCT_NAME = "$(TARGET_NAME)";
				SWIFT_EMIT_LOC_STRINGS = YES;
				SWIFT_VERSION = 5.0;
				TARGETED_DEVICE_FAMILY = "1,2";
			};
			name = Debug;
		};
		2B3DB83A28DD6AAB00E2BFF2 /* Release */ = {
			isa = XCBuildConfiguration;
			buildSettings = {
				ASSETCATALOG_COMPILER_APPICON_NAME = AppIcon;
				ASSETCATALOG_COMPILER_GLOBAL_ACCENT_COLOR_NAME = AccentColor;
				CODE_SIGN_STYLE = Automatic;
				CURRENT_PROJECT_VERSION = 1;
				DEVELOPMENT_ASSET_PATHS = "\"QPer/Preview Content\"";
				DEVELOPMENT_TEAM = NKVX3X5685;
				ENABLE_PREVIEWS = YES;
				GENERATE_INFOPLIST_FILE = YES;
				INFOPLIST_KEY_UIApplicationSceneManifest_Generation = YES;
				INFOPLIST_KEY_UIApplicationSupportsIndirectInputEvents = YES;
				INFOPLIST_KEY_UILaunchScreen_Generation = YES;
				INFOPLIST_KEY_UISupportedInterfaceOrientations_iPad = "UIInterfaceOrientationPortrait UIInterfaceOrientationPortraitUpsideDown UIInterfaceOrientationLandscapeLeft UIInterfaceOrientationLandscapeRight";
				INFOPLIST_KEY_UISupportedInterfaceOrientations_iPhone = "UIInterfaceOrientationPortrait UIInterfaceOrientationLandscapeLeft UIInterfaceOrientationLandscapeRight";
				LD_RUNPATH_SEARCH_PATHS = (
					"$(inherited)",
					"@executable_path/Frameworks",
				);
				MARKETING_VERSION = 1.0;
				PRODUCT_BUNDLE_IDENTIFIER = com.candra.QPer;
				PRODUCT_NAME = "$(TARGET_NAME)";
				SWIFT_EMIT_LOC_STRINGS = YES;
				SWIFT_VERSION = 5.0;
				TARGETED_DEVICE_FAMILY = "1,2";
			};
			name = Release;
		};
/* End XCBuildConfiguration section */

/* Begin XCConfigurationList section */
		2B3DB82528DD6AAA00E2BFF2 /* Build configuration list for PBXProject "QPer" */ = {
			isa = XCConfigurationList;
			buildConfigurations = (
				2B3DB83628DD6AAB00E2BFF2 /* Debug */,
				2B3DB83728DD6AAB00E2BFF2 /* Release */,
			);
			defaultConfigurationIsVisible = 0;
			defaultConfigurationName = Release;
		};
		2B3DB83828DD6AAB00E2BFF2 /* Build configuration list for PBXNativeTarget "QPer" */ = {
			isa = XCConfigurationList;
			buildConfigurations = (
				2B3DB83928DD6AAB00E2BFF2 /* Debug */,
				2B3DB83A28DD6AAB00E2BFF2 /* Release */,
			);
			defaultConfigurationIsVisible = 0;
			defaultConfigurationName = Release;
		};
/* End XCConfigurationList section */
	};
	rootObject = 2B3DB82228DD6AAA00E2BFF2 /* Project object */;
}
